
Microsoft Visual Studio Solution File, Format Version 12.00
# Visual Studio Version 17
VisualStudioVersion = 17.8.34316.72
MinimumVisualStudioVersion = 10.0.40219.1
Project("{FAE04EC0-301F-11D3-BF4B-00C04F79EFBC}") = "FinancePalika", "FinancePalika\FinancePalika.csproj", "{8D73F5F0-E58C-413A-8154-D129AD7788B1}"
EndProject
Global
	GlobalSection(SolutionConfigurationPlatforms) = preSolution
		Debug|Any CPU = Debug|Any CPU
		Release|Any CPU = Release|Any CPU
	EndGlobalSection
	GlobalSection(ProjectConfigurationPlatforms) = postSolution
		{8D73F5F0-E58C-413A-8154-D129AD7788B1}.Debug|Any CPU.ActiveCfg = Debug|Any CPU
		{8D73F5F0-E58C-413A-8154-D129AD7788B1}.Debug|Any CPU.Build.0 = Debug|Any CPU
		{8D73F5F0-E58C-413A-8154-D129AD7788B1}.Release|Any CPU.ActiveCfg = Release|Any CPU
		{8D73F5F0-E58C-413A-8154-D129AD7788B1}.Release|Any CPU.Build.0 = Release|Any CPU
	EndGlobalSection
	GlobalSection(SolutionProperties) = preSolution
		HideSolutionNode = FALSE
	EndGlobalSection
	GlobalSection(ExtensibilityGlobals) = postSolution
		SolutionGuid = {96B09BB8-CC0F-4181-8027-531C0FD6A3BA}
	EndGlobalSection
EndGlobal
